
Microsoft Visual Studio Solution File, Format Version 12.00
# Visual Studio 15
VisualStudioVersion = 15.0.28307.168
MinimumVisualStudioVersion = 10.0.40219.1
Project("{2150E333-8FDC-42A3-9474-1A3956D46DE8}") = "Feature", "Feature", "{4CD6096F-213A-4FB2-B4B8-A05D15456FC1}"
EndProject
Project("{2150E333-8FDC-42A3-9474-1A3956D46DE8}") = "Foundation", "Foundation", "{3907D1E0-79E3-4D2E-9E6F-A28A6DD83E02}"
EndProject
Project("{2150E333-8FDC-42A3-9474-1A3956D46DE8}") = "Project", "Project", "{1D96EE87-E906-427B-9669-168415D4C019}"
EndProject
Project("{2150E333-8FDC-42A3-9474-1A3956D46DE8}") = "Unicorn", "Unicorn", "{BFC24598-962E-4273-8094-499CE1EE7523}"
EndProject
Global
	GlobalSection(SolutionProperties) = preSolution
		HideSolutionNode = FALSE
	EndGlobalSection
	GlobalSection(NestedProjects) = preSolution
		{BFC24598-962E-4273-8094-499CE1EE7523} = {3907D1E0-79E3-4D2E-9E6F-A28A6DD83E02}
	EndGlobalSection
	GlobalSection(ExtensibilityGlobals) = postSolution
		SolutionGuid = {82FF0449-9B3C-41C6-A6B9-68C52A7BEAB8}
	EndGlobalSection
EndGlobal
